
Microsoft Visual Studio Solution File, Format Version 12.00
# Visual Studio 15
VisualStudioVersion = 15.0.27130.2036
MinimumVisualStudioVersion = 10.0.40219.1
Project("{FAE04EC0-301F-11D3-BF4B-00C04F79EFBC}") = "Test Average", "Test Average\Test Average.csproj", "{AF93567C-5D61-44E8-9FFD-01082D0ED656}"
EndProject
Global
	GlobalSection(SolutionConfigurationPlatforms) = preSolution
		Debug|Any CPU = Debug|Any CPU
		Release|Any CPU = Release|Any CPU
	EndGlobalSection
	GlobalSection(ProjectConfigurationPlatforms) = postSolution
		{AF93567C-5D61-44E8-9FFD-01082D0ED656}.Debug|Any CPU.ActiveCfg = Debug|Any CPU
		{AF93567C-5D61-44E8-9FFD-01082D0ED656}.Debug|Any CPU.Build.0 = Debug|Any CPU
		{AF93567C-5D61-44E8-9FFD-01082D0ED656}.Release|Any CPU.ActiveCfg = Release|Any CPU
		{AF93567C-5D61-44E8-9FFD-01082D0ED656}.Release|Any CPU.Build.0 = Release|Any CPU
	EndGlobalSection
	GlobalSection(SolutionProperties) = preSolution
		HideSolutionNode = FALSE
	EndGlobalSection
	GlobalSection(ExtensibilityGlobals) = postSolution
		SolutionGuid = {22F37615-7E75-4F06-81DE-8E66220EE286}
	EndGlobalSection
EndGlobal
